// !$*UTF8*$!
{
	archiveVersion = 1;
	classes = {
	};
	objectVersion = 46;
	objects = {

/* Begin PBXBuildFile section */
		672F54291B3AEE0700C41F50 /* AppDelegate.swift in Sources */ = {isa = PBXBuildFile; fileRef = 672F54281B3AEE0700C41F50 /* AppDelegate.swift */; };
		672F542B1B3AEE0700C41F50 /* ViewController.swift in Sources */ = {isa = PBXBuildFile; fileRef = 672F542A1B3AEE0700C41F50 /* ViewController.swift */; };
		672F542E1B3AEE0700C41F50 /* Main.storyboard in Resources */ = {isa = PBXBuildFile; fileRef = 672F542C1B3AEE0700C41F50 /* Main.storyboard */; };
		672F54301B3AEE0700C41F50 /* Images.xcassets in Resources */ = {isa = PBXBuildFile; fileRef = 672F542F1B3AEE0700C41F50 /* Images.xcassets */; };
		672F54331B3AEE0700C41F50 /* LaunchScreen.xib in Resources */ = {isa = PBXBuildFile; fileRef = 672F54311B3AEE0700C41F50 /* LaunchScreen.xib */; };
		672F543F1B3AEE0700C41F50 /* SwiftWeatherTests.swift in Sources */ = {isa = PBXBuildFile; fileRef = 672F543E1B3AEE0700C41F50 /* SwiftWeatherTests.swift */; };
/* End PBXBuildFile section */

/* Begin PBXContainerItemProxy section */
		672F54391B3AEE0700C41F50 /* PBXContainerItemProxy */ = {
			isa = PBXContainerItemProxy;
			containerPortal = 672F541B1B3AEE0700C41F50 /* Project object */;
			proxyType = 1;
			remoteGlobalIDString = 672F54221B3AEE0700C41F50;
			remoteInfo = SwiftWeather;
		};
/* End PBXContainerItemProxy section */

/* Begin PBXFileReference section */
		672F54231B3AEE0700C41F50 /* SwiftWeather.app */ = {isa = PBXFileReference; explicitFileType = wrapper.application; includeInIndex = 0; path = SwiftWeather.app; sourceTree = BUILT_PRODUCTS_DIR; };
		672F54271B3AEE0700C41F50 /* Info.plist */ = {isa = PBXFileReference; lastKnownFileType = text.plist.xml; path = Info.plist; sourceTree = "<group>"; };
		672F54281B3AEE0700C41F50 /* AppDelegate.swift */ = {isa = PBXFileReference; lastKnownFileType = sourcecode.swift; path = AppDelegate.swift; sourceTree = "<group>"; };
		672F542A1B3AEE0700C41F50 /* ViewController.swift */ = {isa = PBXFileReference; lastKnownFileType = sourcecode.swift; path = ViewController.swift; sourceTree = "<group>"; };
		672F542D1B3AEE0700C41F50 /* Base */ = {isa = PBXFileReference; lastKnownFileType = file.storyboard; name = Base; path = Base.lproj/Main.storyboard; sourceTree = "<group>"; };
		672F542F1B3AEE0700C41F50 /* Images.xcassets */ = {isa = PBXFileReference; lastKnownFileType = folder.assetcatalog; path = Images.xcassets; sourceTree = "<group>"; };
		672F54321B3AEE0700C41F50 /* Base */ = {isa = PBXFileReference; lastKnownFileType = file.xib; name = Base; path = Base.lproj/LaunchScreen.xib; sourceTree = "<group>"; };
		672F54381B3AEE0700C41F50 /* SwiftWeatherTests.xctest */ = {isa = PBXFileReference; explicitFileType = wrapper.cfbundle; includeInIndex = 0; path = SwiftWeatherTests.xctest; sourceTree = BUILT_PRODUCTS_DIR; };
		672F543D1B3AEE0700C41F50 /* Info.plist */ = {isa = PBXFileReference; lastKnownFileType = text.plist.xml; path = Info.plist; sourceTree = "<group>"; };
		672F543E1B3AEE0700C41F50 /* SwiftWeatherTests.swift */ = {isa = PBXFileReference; lastKnownFileType = sourcecode.swift; path = SwiftWeatherTests.swift; sourceTree = "<group>"; };
/* End PBXFileReference section */

/* Begin PBXFrameworksBuildPhase section */
		672F54201B3AEE0700C41F50 /* Frameworks */ = {
			isa = PBXFrameworksBuildPhase;
			buildActionMask = 2147483647;
			files = (
			);
			runOnlyForDeploymentPostprocessing = 0;
		};
		672F54351B3AEE0700C41F50 /* Frameworks */ = {
			isa = PBXFrameworksBuildPhase;
			buildActionMask = 2147483647;
			files = (
			);
			runOnlyForDeploymentPostprocessing = 0;
		};
/* End PBXFrameworksBuildPhase section */

/* Begin PBXGroup section */
		672F541A1B3AEE0700C41F50 = {
			isa = PBXGroup;
			children = (
				672F54251B3AEE0700C41F50 /* SwiftWeather */,
				672F543B1B3AEE0700C41F50 /* SwiftWeatherTests */,
				672F54241B3AEE0700C41F50 /* Products */,
			);
			sourceTree = "<group>";
		};
		672F54241B3AEE0700C41F50 /* Products */ = {
			isa = PBXGroup;
			children = (
				672F54231B3AEE0700C41F50 /* SwiftWeather.app */,
				672F54381B3AEE0700C41F50 /* SwiftWeatherTests.xctest */,
			);
			name = Products;
			sourceTree = "<group>";
		};
		672F54251B3AEE0700C41F50 /* SwiftWeather */ = {
			isa = PBXGroup;
			children = (
				672F54281B3AEE0700C41F50 /* AppDelegate.swift */,
				672F542A1B3AEE0700C41F50 /* ViewController.swift */,
				672F542C1B3AEE0700C41F50 /* Main.storyboard */,
				672F542F1B3AEE0700C41F50 /* Images.xcassets */,
				672F54311B3AEE0700C41F50 /* LaunchScreen.xib */,
				672F54261B3AEE0700C41F50 /* Supporting Files */,
			);
			path = SwiftWeather;
			sourceTree = "<group>";
		};
		672F54261B3AEE0700C41F50 /* Supporting Files */ = {
			isa = PBXGroup;
			children = (
				672F54271B3AEE0700C41F50 /* Info.plist */,
			);
			name = "Supporting Files";
			sourceTree = "<group>";
		};
		672F543B1B3AEE0700C41F50 /* SwiftWeatherTests */ = {
			isa = PBXGroup;
			children = (
				672F543E1B3AEE0700C41F50 /* SwiftWeatherTests.swift */,
				672F543C1B3AEE0700C41F50 /* Supporting Files */,
			);
			path = SwiftWeatherTests;
			sourceTree = "<group>";
		};
		672F543C1B3AEE0700C41F50 /* Supporting Files */ = {
			isa = PBXGroup;
			children = (
				672F543D1B3AEE0700C41F50 /* Info.plist */,
			);
			name = "Supporting Files";
			sourceTree = "<group>";
		};
/* End PBXGroup section */

/* Begin PBXNativeTarget section */
		672F54221B3AEE0700C41F50 /* SwiftWeather */ = {
			isa = PBXNativeTarget;
			buildConfigurationList = 672F54421B3AEE0700C41F50 /* Build configuration list for PBXNativeTarget "SwiftWeather" */;
			buildPhases = (
				672F541F1B3AEE0700C41F50 /* Sources */,
				672F54201B3AEE0700C41F50 /* Frameworks */,
				672F54211B3AEE0700C41F50 /* Resources */,
			);
			buildRules = (
			);
			dependencies = (
			);
			name = SwiftWeather;
			productName = SwiftWeather;
			productReference = 672F54231B3AEE0700C41F50 /* SwiftWeather.app */;
			productType = "com.apple.product-type.application";
		};
		672F54371B3AEE0700C41F50 /* SwiftWeatherTests */ = {
			isa = PBXNativeTarget;
			buildConfigurationList = 672F54451B3AEE0700C41F50 /* Build configuration list for PBXNativeTarget "SwiftWeatherTests" */;
			buildPhases = (
				672F54341B3AEE0700C41F50 /* Sources */,
				672F54351B3AEE0700C41F50 /* Frameworks */,
				672F54361B3AEE0700C41F50 /* Resources */,
			);
			buildRules = (
			);
			dependencies = (
				672F543A1B3AEE0700C41F50 /* PBXTargetDependency */,
			);
			name = SwiftWeatherTests;
			productName = SwiftWeatherTests;
			productReference = 672F54381B3AEE0700C41F50 /* SwiftWeatherTests.xctest */;
			productType = "com.apple.product-type.bundle.unit-test";
		};
/* End PBXNativeTarget section */

/* Begin PBXProject section */
		672F541B1B3AEE0700C41F50 /* Project object */ = {
			isa = PBXProject;
			attributes = {
				LastUpgradeCheck = 0630;
				ORGANIZATIONNAME = BrodyGao;
				TargetAttributes = {
					672F54221B3AEE0700C41F50 = {
						CreatedOnToolsVersion = 6.3.2;
					};
					672F54371B3AEE0700C41F50 = {
						CreatedOnToolsVersion = 6.3.2;
						TestTargetID = 672F54221B3AEE0700C41F50;
					};
				};
			};
			buildConfigurationList = 672F541E1B3AEE0700C41F50 /* Build configuration list for PBXProject "SwiftWeather" */;
			compatibilityVersion = "Xcode 3.2";
			developmentRegion = English;
			hasScannedForEncodings = 0;
			knownRegions = (
				en,
				Base,
			);
			mainGroup = 672F541A1B3AEE0700C41F50;
			productRefGroup = 672F54241B3AEE0700C41F50 /* Products */;
			projectDirPath = "";
			projectRoot = "";
			targets = (
				672F54221B3AEE0700C41F50 /* SwiftWeather */,
				672F54371B3AEE0700C41F50 /* SwiftWeatherTests */,
			);
		};
/* End PBXProject section */

/* Begin PBXResourcesBuildPhase section */
		672F54211B3AEE0700C41F50 /* Resources */ = {
			isa = PBXResourcesBuildPhase;
			buildActionMask = 2147483647;
			files = (
				672F542E1B3AEE0700C41F50 /* Main.storyboard in Resources */,
				672F54331B3AEE0700C41F50 /* LaunchScreen.xib in Resources */,
				672F54301B3AEE0700C41F50 /* Images.xcassets in Resources */,
			);
			runOnlyForDeploymentPostprocessing = 0;
		};
		672F54361B3AEE0700C41F50 /* Resources */ = {
			isa = PBXResourcesBuildPhase;
			buildActionMask = 2147483647;
			files = (
			);
			runOnlyForDeploymentPostprocessing = 0;
		};
/* End PBXResourcesBuildPhase section */

/* Begin PBXSourcesBuildPhase section */
		672F541F1B3AEE0700C41F50 /* Sources */ = {
			isa = PBXSourcesBuildPhase;
			buildActionMask = 2147483647;
			files = (
				672F542B1B3AEE0700C41F50 /* ViewController.swift in Sources */,
				672F54291B3AEE0700C41F50 /* AppDelegate.swift in Sources */,
			);
			runOnlyForDeploymentPostprocessing = 0;
		};
		672F54341B3AEE0700C41F50 /* Sources */ = {
			isa = PBXSourcesBuildPhase;
			buildActionMask = 2147483647;
			files = (
				672F543F1B3AEE0700C41F50 /* SwiftWeatherTests.swift in Sources */,
			);
			runOnlyForDeploymentPostprocessing = 0;
		};
/* End PBXSourcesBuildPhase section */

/* Begin PBXTargetDependency section */
		672F543A1B3AEE0700C41F50 /* PBXTargetDependency */ = {
			isa = PBXTargetDependency;
			target = 672F54221B3AEE0700C41F50 /* SwiftWeather */;
			targetProxy = 672F54391B3AEE0700C41F50 /* PBXContainerItemProxy */;
		};
/* End PBXTargetDependency section */

/* Begin PBXVariantGroup section */
		672F542C1B3AEE0700C41F50 /* Main.storyboard */ = {
			isa = PBXVariantGroup;
			children = (
				672F542D1B3AEE0700C41F50 /* Base */,
			);
			name = Main.storyboard;
			sourceTree = "<group>";
		};
		672F54311B3AEE0700C41F50 /* LaunchScreen.xib */ = {
			isa = PBXVariantGroup;
			children = (
				672F54321B3AEE0700C41F50 /* Base */,
			);
			name = LaunchScreen.xib;
			sourceTree = "<group>";
		};
/* End PBXVariantGroup section */

/* Begin XCBuildConfiguration section */
		672F54401B3AEE0700C41F50 /* Debug */ = {
			isa = XCBuildConfiguration;
			buildSettings = {
				ALWAYS_SEARCH_USER_PATHS = NO;
				CLANG_CXX_LANGUAGE_STANDARD = "gnu++0x";
				CLANG_CXX_LIBRARY = "libc++";
				CLANG_ENABLE_MODULES = YES;
				CLANG_ENABLE_OBJC_ARC = YES;
				CLANG_WARN_BOOL_CONVERSION = YES;
				CLANG_WARN_CONSTANT_CONVERSION = YES;
				CLANG_WARN_DIRECT_OBJC_ISA_USAGE = YES_ERROR;
				CLANG_WARN_EMPTY_BODY = YES;
				CLANG_WARN_ENUM_CONVERSION = YES;
				CLANG_WARN_INT_CONVERSION = YES;
				CLANG_WARN_OBJC_ROOT_CLASS = YES_ERROR;
				CLANG_WARN_UNREACHABLE_CODE = YES;
				CLANG_WARN__DUPLICATE_METHOD_MATCH = YES;
				"CODE_SIGN_IDENTITY[sdk=iphoneos*]" = "iPhone Developer";
				COPY_PHASE_STRIP = NO;
				DEBUG_INFORMATION_FORMAT = "dwarf-with-dsym";
				ENABLE_STRICT_OBJC_MSGSEND = YES;
				GCC_C_LANGUAGE_STANDARD = gnu99;
				GCC_DYNAMIC_NO_PIC = NO;
				GCC_NO_COMMON_BLOCKS = YES;
				GCC_OPTIMIZATION_LEVEL = 0;
				GCC_PREPROCESSOR_DEFINITIONS = (
					"DEBUG=1",
					"$(inherited)",
				);
				GCC_SYMBOLS_PRIVATE_EXTERN = NO;
				GCC_WARN_64_TO_32_BIT_CONVERSION = YES;
				GCC_WARN_ABOUT_RETURN_TYPE = YES_ERROR;
				GCC_WARN_UNDECLARED_SELECTOR = YES;
				GCC_WARN_UNINITIALIZED_AUTOS = YES_AGGRESSIVE;
				GCC_WARN_UNUSED_FUNCTION = YES;
				GCC_WARN_UNUSED_VARIABLE = YES;
				IPHONEOS_DEPLOYMENT_TARGET = 8.3;
				MTL_ENABLE_DEBUG_INFO = YES;
				ONLY_ACTIVE_ARCH = YES;
				SDKROOT = iphoneos;
				SWIFT_OPTIMIZATION_LEVEL = "-Onone";
			};
			name = Debug;
		};
		672F54411B3AEE0700C41F50 /* Release */ = {
			isa = XCBuildConfiguration;
			buildSettings = {
				ALWAYS_SEARCH_USER_PATHS = NO;
				CLANG_CXX_LANGUAGE_STANDARD = "gnu++0x";
				CLANG_CXX_LIBRARY = "libc++";
				CLANG_ENABLE_MODULES = YES;
				CLANG_ENABLE_OBJC_ARC = YES;
				CLANG_WARN_BOOL_CONVERSION = YES;
				CLANG_WARN_CONSTANT_CONVERSION = YES;
				CLANG_WARN_DIRECT_OBJC_ISA_USAGE = YES_ERROR;
				CLANG_WARN_EMPTY_BODY = YES;
				CLANG_WARN_ENUM_CONVERSION = YES;
				CLANG_WARN_INT_CONVERSION = YES;
				CLANG_WARN_OBJC_ROOT_CLASS = YES_ERROR;
				CLANG_WARN_UNREACHABLE_CODE = YES;
				CLANG_WARN__DUPLICATE_METHOD_MATCH = YES;
				"CODE_SIGN_IDENTITY[sdk=iphoneos*]" = "iPhone Developer";
				COPY_PHASE_STRIP = NO;
				DEBUG_INFORMATION_FORMAT = "dwarf-with-dsym";
				ENABLE_NS_ASSERTIONS = NO;
				ENABLE_STRICT_OBJC_MSGSEND = YES;
				GCC_C_LANGUAGE_STANDARD = gnu99;
				GCC_NO_COMMON_BLOCKS = YES;
				GCC_WARN_64_TO_32_BIT_CONVERSION = YES;
				GCC_WARN_ABOUT_RETURN_TYPE = YES_ERROR;
				GCC_WARN_UNDECLARED_SELECTOR = YES;
				GCC_WARN_UNINITIALIZED_AUTOS = YES_AGGRESSIVE;
				GCC_WARN_UNUSED_FUNCTION = YES;
				GCC_WARN_UNUSED_VARIABLE = YES;
				IPHONEOS_DEPLOYMENT_TARGET = 8.3;
				MTL_ENABLE_DEBUG_INFO = NO;
				SDKROOT = iphoneos;
				VALIDATE_PRODUCT = YES;
			};
			name = Release;
		};
		672F54431B3AEE0700C41F50 /* Debug */ = {
			isa = XCBuildConfiguration;
			buildSettings = {
				ASSETCATALOG_COMPILER_APPICON_NAME = AppIcon;
				INFOPLIST_FILE = SwiftWeather/Info.plist;
				LD_RUNPATH_SEARCH_PATHS = "$(inherited) @executable_path/Frameworks";
				PRODUCT_NAME = "$(TARGET_NAME)";
			};
			name = Debug;
		};
		672F54441B3AEE0700C41F50 /* Release */ = {
			isa = XCBuildConfiguration;
			buildSettings = {
				ASSETCATALOG_COMPILER_APPICON_NAME = AppIcon;
				INFOPLIST_FILE = SwiftWeather/Info.plist;
				LD_RUNPATH_SEARCH_PATHS = "$(inherited) @executable_path/Frameworks";
				PRODUCT_NAME = "$(TARGET_NAME)";
			};
			name = Release;
		};
		672F54461B3AEE0700C41F50 /* Debug */ = {
			isa = XCBuildConfiguration;
			buildSettings = {
				BUNDLE_LOADER = "$(TEST_HOST)";
				FRAMEWORK_SEARCH_PATHS = (
					"$(SDKROOT)/Developer/Library/Frameworks",
					"$(inherited)",
				);
				GCC_PREPROCESSOR_DEFINITIONS = (
					"DEBUG=1",
					"$(inherited)",
				);
				INFOPLIST_FILE = SwiftWeatherTests/Info.plist;
				LD_RUNPATH_SEARCH_PATHS = "$(inherited) @executable_path/Frameworks @loader_path/Frameworks";
				PRODUCT_NAME = "$(TARGET_NAME)";
				TEST_HOST = "$(BUILT_PRODUCTS_DIR)/SwiftWeather.app/SwiftWeather";
			};
			name = Debug;
		};
		672F54471B3AEE0700C41F50 /* Release */ = {
			isa = XCBuildConfiguration;
			buildSettings = {
				BUNDLE_LOADER = "$(TEST_HOST)";
				FRAMEWORK_SEARCH_PATHS = (
					"$(SDKROOT)/Developer/Library/Frameworks",
					"$(inherited)",
				);
				INFOPLIST_FILE = SwiftWeatherTests/Info.plist;
				LD_RUNPATH_SEARCH_PATHS = "$(inherited) @executable_path/Frameworks @loader_path/Frameworks";
				PRODUCT_NAME = "$(TARGET_NAME)";
				TEST_HOST = "$(BUILT_PRODUCTS_DIR)/SwiftWeather.app/SwiftWeather";
			};
			name = Release;
		};
/* End XCBuildConfiguration section */

/* Begin XCConfigurationList section */
		672F541E1B3AEE0700C41F50 /* Build configuration list for PBXProject "SwiftWeather" */ = {
			isa = XCConfigurationList;
			buildConfigurations = (
				672F54401B3AEE0700C41F50 /* Debug */,
				672F54411B3AEE0700C41F50 /* Release */,
			);
			defaultConfigurationIsVisible = 0;
			defaultConfigurationName = Release;
		};
		672F54421B3AEE0700C41F50 /* Build configuration list for PBXNativeTarget "SwiftWeather" */ = {
			isa = XCConfigurationList;
			buildConfigurations = (
				672F54431B3AEE0700C41F50 /* Debug */,
				672F54441B3AEE0700C41F50 /* Release */,
			);
			defaultConfigurationIsVisible = 0;
		};
		672F54451B3AEE0700C41F50 /* Build configuration list for PBXNativeTarget "SwiftWeatherTests" */ = {
			isa = XCConfigurationList;
			buildConfigurations = (
				672F54461B3AEE0700C41F50 /* Debug */,
				672F54471B3AEE0700C41F50 /* Release */,
			);
			defaultConfigurationIsVisible = 0;
		};
/* End XCConfigurationList section */
	};
	rootObject = 672F541B1B3AEE0700C41F50 /* Project object */;
}
